// !$*UTF8*$!
{
	archiveVersion = 1;
	classes = {
	};
	objectVersion = 46;
	objects = {

/* Begin PBXBuildFile section */
		3E5E8C351CD2762700DBDB47 /* AppDelegate.swift in Sources */ = {isa = PBXBuildFile; fileRef = 3E5E8C341CD2762700DBDB47 /* AppDelegate.swift */; };
		3E5E8C3A1CD2762700DBDB47 /* Main.storyboard in Resources */ = {isa = PBXBuildFile; fileRef = 3E5E8C381CD2762700DBDB47 /* Main.storyboard */; };
		3E5E8C3C1CD2762700DBDB47 /* Assets.xcassets in Resources */ = {isa = PBXBuildFile; fileRef = 3E5E8C3B1CD2762700DBDB47 /* Assets.xcassets */; };
		3E5E8C3F1CD2762700DBDB47 /* LaunchScreen.storyboard in Resources */ = {isa = PBXBuildFile; fileRef = 3E5E8C3D1CD2762700DBDB47 /* LaunchScreen.storyboard */; };
		3E5E8C4C1CD278B200DBDB47 /* SPTableViewCell.swift in Sources */ = {isa = PBXBuildFile; fileRef = 3E5E8C4B1CD278B200DBDB47 /* SPTableViewCell.swift */; };
		3E5E8C501CD27CE600DBDB47 /* SPModel.swift in Sources */ = {isa = PBXBuildFile; fileRef = 3E5E8C4F1CD27CE600DBDB47 /* SPModel.swift */; };
		3E5E8C531CD293AF00DBDB47 /* SPDetailViewController.swift in Sources */ = {isa = PBXBuildFile; fileRef = 3E5E8C521CD293AF00DBDB47 /* SPDetailViewController.swift */; };
		3EA03A111CDBDA5E00E06E9D /* SPTableViewController.swift in Sources */ = {isa = PBXBuildFile; fileRef = 3EA03A101CDBDA5E00E06E9D /* SPTableViewController.swift */; };
/* End PBXBuildFile section */

/* Begin PBXFileReference section */
		3E5E8C311CD2762700DBDB47 /* ToDoListApp.app */ = {isa = PBXFileReference; explicitFileType = wrapper.application; includeInIndex = 0; path = ToDoListApp.app; sourceTree = BUILT_PRODUCTS_DIR; };
		3E5E8C341CD2762700DBDB47 /* AppDelegate.swift */ = {isa = PBXFileReference; lastKnownFileType = sourcecode.swift; path = AppDelegate.swift; sourceTree = "<group>"; };
		3E5E8C391CD2762700DBDB47 /* Base */ = {isa = PBXFileReference; lastKnownFileType = file.storyboard; name = Base; path = Base.lproj/Main.storyboard; sourceTree = "<group>"; };
		3E5E8C3B1CD2762700DBDB47 /* Assets.xcassets */ = {isa = PBXFileReference; lastKnownFileType = folder.assetcatalog; path = Assets.xcassets; sourceTree = "<group>"; };
		3E5E8C3E1CD2762700DBDB47 /* Base */ = {isa = PBXFileReference; lastKnownFileType = file.storyboard; name = Base; path = Base.lproj/LaunchScreen.storyboard; sourceTree = "<group>"; };
		3E5E8C401CD2762700DBDB47 /* Info.plist */ = {isa = PBXFileReference; lastKnownFileType = text.plist.xml; path = Info.plist; sourceTree = "<group>"; };
		3E5E8C4B1CD278B200DBDB47 /* SPTableViewCell.swift */ = {isa = PBXFileReference; fileEncoding = 4; lastKnownFileType = sourcecode.swift; name = SPTableViewCell.swift; path = Controllers/SPTableViewCell.swift; sourceTree = "<group>"; };
		3E5E8C4F1CD27CE600DBDB47 /* SPModel.swift */ = {isa = PBXFileReference; fileEncoding = 4; lastKnownFileType = sourcecode.swift; name = SPModel.swift; path = Model/SPModel.swift; sourceTree = "<group>"; };
		3E5E8C521CD293AF00DBDB47 /* SPDetailViewController.swift */ = {isa = PBXFileReference; fileEncoding = 4; lastKnownFileType = sourcecode.swift; name = SPDetailViewController.swift; path = Controllers/SPDetailViewController.swift; sourceTree = "<group>"; };
		3EA03A101CDBDA5E00E06E9D /* SPTableViewController.swift */ = {isa = PBXFileReference; fileEncoding = 4; lastKnownFileType = sourcecode.swift; name = SPTableViewController.swift; path = Controllers/SPTableViewController.swift; sourceTree = "<group>"; };
/* End PBXFileReference section */

/* Begin PBXFrameworksBuildPhase section */
		3E5E8C2E1CD2762700DBDB47 /* Frameworks */ = {
			isa = PBXFrameworksBuildPhase;
			buildActionMask = 2147483647;
			files = (
			);
			runOnlyForDeploymentPostprocessing = 0;
		};
/* End PBXFrameworksBuildPhase section */

/* Begin PBXGroup section */
		3E5E8C281CD2762700DBDB47 = {
			isa = PBXGroup;
			children = (
				3E5E8C331CD2762700DBDB47 /* ToDoListApp */,
				3E5E8C321CD2762700DBDB47 /* Products */,
			);
			sourceTree = "<group>";
		};
		3E5E8C321CD2762700DBDB47 /* Products */ = {
			isa = PBXGroup;
			children = (
				3E5E8C311CD2762700DBDB47 /* ToDoListApp.app */,
			);
			name = Products;
			sourceTree = "<group>";
		};
		3E5E8C331CD2762700DBDB47 /* ToDoListApp */ = {
			isa = PBXGroup;
			children = (
				3E5E8C341CD2762700DBDB47 /* AppDelegate.swift */,
				3E5E8C461CD276A700DBDB47 /* Controllers */,
				3E5E8C471CD276B400DBDB47 /* View */,
				3E5E8C511CD27CEA00DBDB47 /* Model */,
				3E5E8C481CD2771900DBDB47 /* Assets */,
			);
			path = ToDoListApp;
			sourceTree = "<group>";
		};
		3E5E8C461CD276A700DBDB47 /* Controllers */ = {
			isa = PBXGroup;
			children = (
				3EA03A101CDBDA5E00E06E9D /* SPTableViewController.swift */,
				3E5E8C4B1CD278B200DBDB47 /* SPTableViewCell.swift */,
				3E5E8C521CD293AF00DBDB47 /* SPDetailViewController.swift */,
			);
			name = Controllers;
			sourceTree = "<group>";
		};
		3E5E8C471CD276B400DBDB47 /* View */ = {
			isa = PBXGroup;
			children = (
				3E5E8C381CD2762700DBDB47 /* Main.storyboard */,
				3E5E8C3D1CD2762700DBDB47 /* LaunchScreen.storyboard */,
			);
			name = View;
			sourceTree = "<group>";
		};
		3E5E8C481CD2771900DBDB47 /* Assets */ = {
			isa = PBXGroup;
			children = (
				3E5E8C3B1CD2762700DBDB47 /* Assets.xcassets */,
				3E5E8C401CD2762700DBDB47 /* Info.plist */,
			);
			name = Assets;
			sourceTree = "<group>";
		};
		3E5E8C511CD27CEA00DBDB47 /* Model */ = {
			isa = PBXGroup;
			children = (
				3E5E8C4F1CD27CE600DBDB47 /* SPModel.swift */,
			);
			name = Model;
			sourceTree = "<group>";
		};
/* End PBXGroup section */

/* Begin PBXNativeTarget section */
		3E5E8C301CD2762700DBDB47 /* ToDoListApp */ = {
			isa = PBXNativeTarget;
			buildConfigurationList = 3E5E8C431CD2762700DBDB47 /* Build configuration list for PBXNativeTarget "ToDoListApp" */;
			buildPhases = (
				3E5E8C2D1CD2762700DBDB47 /* Sources */,
				3E5E8C2E1CD2762700DBDB47 /* Frameworks */,
				3E5E8C2F1CD2762700DBDB47 /* Resources */,
			);
			buildRules = (
			);
			dependencies = (
			);
			name = ToDoListApp;
			productName = ToDoListApp;
			productReference = 3E5E8C311CD2762700DBDB47 /* ToDoListApp.app */;
			productType = "com.apple.product-type.application";
		};
/* End PBXNativeTarget section */

/* Begin PBXProject section */
		3E5E8C291CD2762700DBDB47 /* Project object */ = {
			isa = PBXProject;
			attributes = {
				LastSwiftUpdateCheck = 0730;
				LastUpgradeCheck = 0730;
				ORGANIZATIONNAME = popovychs;
				TargetAttributes = {
					3E5E8C301CD2762700DBDB47 = {
						CreatedOnToolsVersion = 7.3;
					};
				};
			};
			buildConfigurationList = 3E5E8C2C1CD2762700DBDB47 /* Build configuration list for PBXProject "ToDoListApp" */;
			compatibilityVersion = "Xcode 3.2";
			developmentRegion = English;
			hasScannedForEncodings = 0;
			knownRegions = (
				en,
				Base,
			);
			mainGroup = 3E5E8C281CD2762700DBDB47;
			productRefGroup = 3E5E8C321CD2762700DBDB47 /* Products */;
			projectDirPath = "";
			projectRoot = "";
			targets = (
				3E5E8C301CD2762700DBDB47 /* ToDoListApp */,
			);
		};
/* End PBXProject section */

/* Begin PBXResourcesBuildPhase section */
		3E5E8C2F1CD2762700DBDB47 /* Resources */ = {
			isa = PBXResourcesBuildPhase;
			buildActionMask = 2147483647;
			files = (
				3E5E8C3F1CD2762700DBDB47 /* LaunchScreen.storyboard in Resources */,
				3E5E8C3C1CD2762700DBDB47 /* Assets.xcassets in Resources */,
				3E5E8C3A1CD2762700DBDB47 /* Main.storyboard in Resources */,
			);
			runOnlyForDeploymentPostprocessing = 0;
		};
/* End PBXResourcesBuildPhase section */

/* Begin PBXSourcesBuildPhase section */
		3E5E8C2D1CD2762700DBDB47 /* Sources */ = {
			isa = PBXSourcesBuildPhase;
			buildActionMask = 2147483647;
			files = (
				3E5E8C531CD293AF00DBDB47 /* SPDetailViewController.swift in Sources */,
				3EA03A111CDBDA5E00E06E9D /* SPTableViewController.swift in Sources */,
				3E5E8C501CD27CE600DBDB47 /* SPModel.swift in Sources */,
				3E5E8C4C1CD278B200DBDB47 /* SPTableViewCell.swift in Sources */,
				3E5E8C351CD2762700DBDB47 /* AppDelegate.swift in Sources */,
			);
			runOnlyForDeploymentPostprocessing = 0;
		};
/* End PBXSourcesBuildPhase section */

/* Begin PBXVariantGroup section */
		3E5E8C381CD2762700DBDB47 /* Main.storyboard */ = {
			isa = PBXVariantGroup;
			children = (
				3E5E8C391CD2762700DBDB47 /* Base */,
			);
			name = Main.storyboard;
			sourceTree = "<group>";
		};
		3E5E8C3D1CD2762700DBDB47 /* LaunchScreen.storyboard */ = {
			isa = PBXVariantGroup;
			children = (
				3E5E8C3E1CD2762700DBDB47 /* Base */,
			);
			name = LaunchScreen.storyboard;
			sourceTree = "<group>";
		};
/* End PBXVariantGroup section */

/* Begin XCBuildConfiguration section */
		3E5E8C411CD2762700DBDB47 /* Debug */ = {
			isa = XCBuildConfiguration;
			buildSettings = {
				ALWAYS_SEARCH_USER_PATHS = NO;
				CLANG_ANALYZER_NONNULL = YES;
				CLANG_CXX_LANGUAGE_STANDARD = "gnu++0x";
				CLANG_CXX_LIBRARY = "libc++";
				CLANG_ENABLE_MODULES = YES;
				CLANG_ENABLE_OBJC_ARC = YES;
				CLANG_WARN_BOOL_CONVERSION = YES;
				CLANG_WARN_CONSTANT_CONVERSION = YES;
				CLANG_WARN_DIRECT_OBJC_ISA_USAGE = YES_ERROR;
				CLANG_WARN_EMPTY_BODY = YES;
				CLANG_WARN_ENUM_CONVERSION = YES;
				CLANG_WARN_INT_CONVERSION = YES;
				CLANG_WARN_OBJC_ROOT_CLASS = YES_ERROR;
				CLANG_WARN_UNREACHABLE_CODE = YES;
				CLANG_WARN__DUPLICATE_METHOD_MATCH = YES;
				"CODE_SIGN_IDENTITY[sdk=iphoneos*]" = "iPhone Developer";
				COPY_PHASE_STRIP = NO;
				DEBUG_INFORMATION_FORMAT = dwarf;
				ENABLE_STRICT_OBJC_MSGSEND = YES;
				ENABLE_TESTABILITY = YES;
				GCC_C_LANGUAGE_STANDARD = gnu99;
				GCC_DYNAMIC_NO_PIC = NO;
				GCC_NO_COMMON_BLOCKS = YES;
				GCC_OPTIMIZATION_LEVEL = 0;
				GCC_PREPROCESSOR_DEFINITIONS = (
					"DEBUG=1",
					"$(inherited)",
				);
				GCC_WARN_64_TO_32_BIT_CONVERSION = YES;
				GCC_WARN_ABOUT_RETURN_TYPE = YES_ERROR;
				GCC_WARN_UNDECLARED_SELECTOR = YES;
				GCC_WARN_UNINITIALIZED_AUTOS = YES_AGGRESSIVE;
				GCC_WARN_UNUSED_FUNCTION = YES;
				GCC_WARN_UNUSED_VARIABLE = YES;
				IPHONEOS_DEPLOYMENT_TARGET = 9.3;
				MTL_ENABLE_DEBUG_INFO = YES;
				ONLY_ACTIVE_ARCH = YES;
				SDKROOT = iphoneos;
				SWIFT_OPTIMIZATION_LEVEL = "-Onone";
			};
			name = Debug;
		};
		3E5E8C421CD2762700DBDB47 /* Release */ = {
			isa = XCBuildConfiguration;
			buildSettings = {
				ALWAYS_SEARCH_USER_PATHS = NO;
				CLANG_ANALYZER_NONNULL = YES;
				CLANG_CXX_LANGUAGE_STANDARD = "gnu++0x";
				CLANG_CXX_LIBRARY = "libc++";
				CLANG_ENABLE_MODULES = YES;
				CLANG_ENABLE_OBJC_ARC = YES;
				CLANG_WARN_BOOL_CONVERSION = YES;
				CLANG_WARN_CONSTANT_CONVERSION = YES;
				CLANG_WARN_DIRECT_OBJC_ISA_USAGE = YES_ERROR;
				CLANG_WARN_EMPTY_BODY = YES;
				CLANG_WARN_ENUM_CONVERSION = YES;
				CLANG_WARN_INT_CONVERSION = YES;
				CLANG_WARN_OBJC_ROOT_CLASS = YES_ERROR;
				CLANG_WARN_UNREACHABLE_CODE = YES;
				CLANG_WARN__DUPLICATE_METHOD_MATCH = YES;
				"CODE_SIGN_IDENTITY[sdk=iphoneos*]" = "iPhone Developer";
				COPY_PHASE_STRIP = NO;
				DEBUG_INFORMATION_FORMAT = "dwarf-with-dsym";
				ENABLE_NS_ASSERTIONS = NO;
				ENABLE_STRICT_OBJC_MSGSEND = YES;
				GCC_C_LANGUAGE_STANDARD = gnu99;
				GCC_NO_COMMON_BLOCKS = YES;
				GCC_WARN_64_TO_32_BIT_CONVERSION = YES;
				GCC_WARN_ABOUT_RETURN_TYPE = YES_ERROR;
				GCC_WARN_UNDECLARED_SELECTOR = YES;
				GCC_WARN_UNINITIALIZED_AUTOS = YES_AGGRESSIVE;
				GCC_WARN_UNUSED_FUNCTION = YES;
				GCC_WARN_UNUSED_VARIABLE = YES;
				IPHONEOS_DEPLOYMENT_TARGET = 9.3;
				MTL_ENABLE_DEBUG_INFO = NO;
				SDKROOT = iphoneos;
				VALIDATE_PRODUCT = YES;
			};
			name = Release;
		};
		3E5E8C441CD2762700DBDB47 /* Debug */ = {
			isa = XCBuildConfiguration;
			buildSettings = {
				ASSETCATALOG_COMPILER_APPICON_NAME = AppIcon;
				INFOPLIST_FILE = ToDoListApp/Info.plist;
				LD_RUNPATH_SEARCH_PATHS = "$(inherited) @executable_path/Frameworks";
				PRODUCT_BUNDLE_IDENTIFIER = com.popovychs.ToDoListApp;
				PRODUCT_NAME = "$(TARGET_NAME)";
			};
			name = Debug;
		};
		3E5E8C451CD2762700DBDB47 /* Release */ = {
			isa = XCBuildConfiguration;
			buildSettings = {
				ASSETCATALOG_COMPILER_APPICON_NAME = AppIcon;
				INFOPLIST_FILE = ToDoListApp/Info.plist;
				LD_RUNPATH_SEARCH_PATHS = "$(inherited) @executable_path/Frameworks";
				PRODUCT_BUNDLE_IDENTIFIER = com.popovychs.ToDoListApp;
				PRODUCT_NAME = "$(TARGET_NAME)";
			};
			name = Release;
		};
/* End XCBuildConfiguration section */

/* Begin XCConfigurationList section */
		3E5E8C2C1CD2762700DBDB47 /* Build configuration list for PBXProject "ToDoListApp" */ = {
			isa = XCConfigurationList;
			buildConfigurations = (
				3E5E8C411CD2762700DBDB47 /* Debug */,
				3E5E8C421CD2762700DBDB47 /* Release */,
			);
			defaultConfigurationIsVisible = 0;
			defaultConfigurationName = Release;
		};
		3E5E8C431CD2762700DBDB47 /* Build configuration list for PBXNativeTarget "ToDoListApp" */ = {
			isa = XCConfigurationList;
			buildConfigurations = (
				3E5E8C441CD2762700DBDB47 /* Debug */,
				3E5E8C451CD2762700DBDB47 /* Release */,
			);
			defaultConfigurationIsVisible = 0;
			defaultConfigurationName = Release;
		};
/* End XCConfigurationList section */
	};
	rootObject = 3E5E8C291CD2762700DBDB47 /* Project object */;
}
